
Microsoft Visual Studio Solution File, Format Version 12.00
# Visual Studio Version 17
VisualStudioVersion = 17.0.32014.148
MinimumVisualStudioVersion = 10.0.40219.1
Project("{FAE04EC0-301F-11D3-BF4B-00C04F79EFBC}") = "ReporteCalificaciones", "Reporte\ReporteCalificaciones.csproj", "{18EF1C20-6C96-40BE-8C08-F88D24AC0ACB}"
EndProject
Global
	GlobalSection(SolutionConfigurationPlatforms) = preSolution
		Debug|Any CPU = Debug|Any CPU
		Release|Any CPU = Release|Any CPU
	EndGlobalSection
	GlobalSection(ProjectConfigurationPlatforms) = postSolution
		{18EF1C20-6C96-40BE-8C08-F88D24AC0ACB}.Debug|Any CPU.ActiveCfg = Debug|Any CPU
		{18EF1C20-6C96-40BE-8C08-F88D24AC0ACB}.Debug|Any CPU.Build.0 = Debug|Any CPU
		{18EF1C20-6C96-40BE-8C08-F88D24AC0ACB}.Release|Any CPU.ActiveCfg = Release|Any CPU
		{18EF1C20-6C96-40BE-8C08-F88D24AC0ACB}.Release|Any CPU.Build.0 = Release|Any CPU
	EndGlobalSection
	GlobalSection(SolutionProperties) = preSolution
		HideSolutionNode = FALSE
	EndGlobalSection
	GlobalSection(ExtensibilityGlobals) = postSolution
		SolutionGuid = {9EA0FD4A-DAEB-4EB6-9A7C-24A3F18F0EB9}
	EndGlobalSection
EndGlobal
