
Microsoft Visual Studio Solution File, Format Version 12.00
# Visual Studio Version 17
VisualStudioVersion = 17.6.33829.357
MinimumVisualStudioVersion = 10.0.40219.1
Project("{FAE04EC0-301F-11D3-BF4B-00C04F79EFBC}") = "crud_p(canal codigo estudiante)", "crud_p(canal codigo estudiante)\crud_p(canal codigo estudiante).csproj", "{7BF1C979-B65E-40BB-94C9-39512AC700CE}"
EndProject
Global
	GlobalSection(SolutionConfigurationPlatforms) = preSolution
		Debug|Any CPU = Debug|Any CPU
		Release|Any CPU = Release|Any CPU
	EndGlobalSection
	GlobalSection(ProjectConfigurationPlatforms) = postSolution
		{7BF1C979-B65E-40BB-94C9-39512AC700CE}.Debug|Any CPU.ActiveCfg = Debug|Any CPU
		{7BF1C979-B65E-40BB-94C9-39512AC700CE}.Debug|Any CPU.Build.0 = Debug|Any CPU
		{7BF1C979-B65E-40BB-94C9-39512AC700CE}.Release|Any CPU.ActiveCfg = Release|Any CPU
		{7BF1C979-B65E-40BB-94C9-39512AC700CE}.Release|Any CPU.Build.0 = Release|Any CPU
	EndGlobalSection
	GlobalSection(SolutionProperties) = preSolution
		HideSolutionNode = FALSE
	EndGlobalSection
	GlobalSection(ExtensibilityGlobals) = postSolution
		SolutionGuid = {7A2BF816-7584-411F-8EE2-D109B72173A8}
	EndGlobalSection
EndGlobal
