
Microsoft Visual Studio Solution File, Format Version 12.00
# Visual Studio Version 17
VisualStudioVersion = 17.6.33829.357
MinimumVisualStudioVersion = 10.0.40219.1
Project("{FAE04EC0-301F-11D3-BF4B-00C04F79EFBC}") = "prueba25-10-23", "prueba25-10-23\prueba25-10-23.csproj", "{D3D5B88B-FC65-4BFD-A9AD-21463F23AB04}"
EndProject
Global
	GlobalSection(SolutionConfigurationPlatforms) = preSolution
		Debug|Any CPU = Debug|Any CPU
		Release|Any CPU = Release|Any CPU
	EndGlobalSection
	GlobalSection(ProjectConfigurationPlatforms) = postSolution
		{D3D5B88B-FC65-4BFD-A9AD-21463F23AB04}.Debug|Any CPU.ActiveCfg = Debug|Any CPU
		{D3D5B88B-FC65-4BFD-A9AD-21463F23AB04}.Debug|Any CPU.Build.0 = Debug|Any CPU
		{D3D5B88B-FC65-4BFD-A9AD-21463F23AB04}.Release|Any CPU.ActiveCfg = Release|Any CPU
		{D3D5B88B-FC65-4BFD-A9AD-21463F23AB04}.Release|Any CPU.Build.0 = Release|Any CPU
	EndGlobalSection
	GlobalSection(SolutionProperties) = preSolution
		HideSolutionNode = FALSE
	EndGlobalSection
	GlobalSection(ExtensibilityGlobals) = postSolution
		SolutionGuid = {6C5C9307-F71A-458A-AF7A-B314E59DB4F7}
	EndGlobalSection
EndGlobal
